
Microsoft Visual Studio Solution File, Format Version 12.00
# Visual Studio 15
VisualStudioVersion = 15.0.26228.4
MinimumVisualStudioVersion = 10.0.40219.1
Project("{FAE04EC0-301F-11D3-BF4B-00C04F79EFBC}") = "iCAN.Web", "iCAN.Web\iCAN.Web.csproj", "{B56B26B1-A856-4C3A-AC63-E04160E6F541}"
EndProject
Project("{FAE04EC0-301F-11D3-BF4B-00C04F79EFBC}") = "iCAN.Core", "iCAN.Core\iCAN.Core.csproj", "{35FBF661-B3BB-447A-A352-E08140C62447}"
EndProject
Project("{FAE04EC0-301F-11D3-BF4B-00C04F79EFBC}") = "iCAN.Forms", "iCAN.Forms\iCAN.Forms.csproj", "{77767711-5832-4C58-9D0C-EBD21EE6B888}"
EndProject
Global
	GlobalSection(SolutionConfigurationPlatforms) = preSolution
		Debug|Any CPU = Debug|Any CPU
		Release|Any CPU = Release|Any CPU
	EndGlobalSection
	GlobalSection(ProjectConfigurationPlatforms) = postSolution
		{B56B26B1-A856-4C3A-AC63-E04160E6F541}.Debug|Any CPU.ActiveCfg = Debug|Any CPU
		{B56B26B1-A856-4C3A-AC63-E04160E6F541}.Debug|Any CPU.Build.0 = Debug|Any CPU
		{B56B26B1-A856-4C3A-AC63-E04160E6F541}.Release|Any CPU.ActiveCfg = Release|Any CPU
		{B56B26B1-A856-4C3A-AC63-E04160E6F541}.Release|Any CPU.Build.0 = Release|Any CPU
		{35FBF661-B3BB-447A-A352-E08140C62447}.Debug|Any CPU.ActiveCfg = Debug|Any CPU
		{35FBF661-B3BB-447A-A352-E08140C62447}.Debug|Any CPU.Build.0 = Debug|Any CPU
		{35FBF661-B3BB-447A-A352-E08140C62447}.Release|Any CPU.ActiveCfg = Release|Any CPU
		{35FBF661-B3BB-447A-A352-E08140C62447}.Release|Any CPU.Build.0 = Release|Any CPU
		{77767711-5832-4C58-9D0C-EBD21EE6B888}.Debug|Any CPU.ActiveCfg = Debug|Any CPU
		{77767711-5832-4C58-9D0C-EBD21EE6B888}.Debug|Any CPU.Build.0 = Debug|Any CPU
		{77767711-5832-4C58-9D0C-EBD21EE6B888}.Release|Any CPU.ActiveCfg = Release|Any CPU
		{77767711-5832-4C58-9D0C-EBD21EE6B888}.Release|Any CPU.Build.0 = Release|Any CPU
	EndGlobalSection
	GlobalSection(SolutionProperties) = preSolution
		HideSolutionNode = FALSE
	EndGlobalSection
EndGlobal
